
Microsoft Visual Studio Solution File, Format Version 12.00
# Visual Studio Version 17
VisualStudioVersion = 17.13.35825.156 d17.13
MinimumVisualStudioVersion = 10.0.40219.1
Project("{FAE04EC0-301F-11D3-BF4B-00C04F79EFBC}") = "ParallelProgramming", "ParallelProgramming.csproj", "{1521113E-8478-4123-865B-BF0A70B9983C}"
EndProject
Global
	GlobalSection(SolutionConfigurationPlatforms) = preSolution
		Debug|Any CPU = Debug|Any CPU
		Release|Any CPU = Release|Any CPU
	EndGlobalSection
	GlobalSection(ProjectConfigurationPlatforms) = postSolution
		{1521113E-8478-4123-865B-BF0A70B9983C}.Debug|Any CPU.ActiveCfg = Debug|Any CPU
		{1521113E-8478-4123-865B-BF0A70B9983C}.Debug|Any CPU.Build.0 = Debug|Any CPU
		{1521113E-8478-4123-865B-BF0A70B9983C}.Release|Any CPU.ActiveCfg = Release|Any CPU
		{1521113E-8478-4123-865B-BF0A70B9983C}.Release|Any CPU.Build.0 = Release|Any CPU
	EndGlobalSection
	GlobalSection(SolutionProperties) = preSolution
		HideSolutionNode = FALSE
	EndGlobalSection
	GlobalSection(ExtensibilityGlobals) = postSolution
		SolutionGuid = {789B5CCA-0F45-469B-9EB6-A0FB7F4B2E71}
	EndGlobalSection
EndGlobal
