Microsoft Visual Studio Solution File, Format Version 12.00
# Visual Studio Version 17
VisualStudioVersion = 17.13.35825.156
MinimumVisualStudioVersion = 10.0.40219.1
Project("{FAE04EC0-301F-11D3-BF4B-00C04F79EFBC}") = "API", "API.csproj", "{05A59E1B-3BFC-427E-823B-08CBBB293FC4}"
EndProject
Project("{FAE04EC0-301F-11D3-BF4B-00C04F79EFBC}") = "FormTest", "..\FormTest\FormTest.csproj", "{D3F4DF34-A840-4586-B763-6E778AD703C0}"
EndProject
Global
	GlobalSection(SolutionConfigurationPlatforms) = preSolution
		Debug|Any CPU = Debug|Any CPU
		Release|Any CPU = Release|Any CPU
	EndGlobalSection
	GlobalSection(ProjectConfigurationPlatforms) = postSolution
		{05A59E1B-3BFC-427E-823B-08CBBB293FC4}.Debug|Any CPU.ActiveCfg = Debug|Any CPU
		{05A59E1B-3BFC-427E-823B-08CBBB293FC4}.Debug|Any CPU.Build.0 = Debug|Any CPU
		{05A59E1B-3BFC-427E-823B-08CBBB293FC4}.Release|Any CPU.ActiveCfg = Release|Any CPU
		{05A59E1B-3BFC-427E-823B-08CBBB293FC4}.Release|Any CPU.Build.0 = Release|Any CPU
		{D3F4DF34-A840-4586-B763-6E778AD703C0}.Debug|Any CPU.ActiveCfg = Debug|Any CPU
		{D3F4DF34-A840-4586-B763-6E778AD703C0}.Debug|Any CPU.Build.0 = Debug|Any CPU
		{D3F4DF34-A840-4586-B763-6E778AD703C0}.Release|Any CPU.ActiveCfg = Release|Any CPU
		{D3F4DF34-A840-4586-B763-6E778AD703C0}.Release|Any CPU.Build.0 = Release|Any CPU
	EndGlobalSection
	GlobalSection(SolutionProperties) = preSolution
		HideSolutionNode = FALSE
	EndGlobalSection
	GlobalSection(ExtensibilityGlobals) = postSolution
		SolutionGuid = {7919A265-9D09-4B06-8A53-3C8211B736B5}
	EndGlobalSection
EndGlobal
