
Microsoft Visual Studio Solution File, Format Version 12.00
# Visual Studio Version 17
VisualStudioVersion = 17.13.35825.156 d17.13
MinimumVisualStudioVersion = 10.0.40219.1
Project("{FAE04EC0-301F-11D3-BF4B-00C04F79EFBC}") = "MAUI", "MAUI.csproj", "{4A662629-0A08-43D8-9DE2-86A64F17DBDC}"
EndProject
Global
	GlobalSection(SolutionConfigurationPlatforms) = preSolution
		Debug|Any CPU = Debug|Any CPU
		Release|Any CPU = Release|Any CPU
	EndGlobalSection
	GlobalSection(ProjectConfigurationPlatforms) = postSolution
		{4A662629-0A08-43D8-9DE2-86A64F17DBDC}.Debug|Any CPU.ActiveCfg = Debug|Any CPU
		{4A662629-0A08-43D8-9DE2-86A64F17DBDC}.Debug|Any CPU.Build.0 = Debug|Any CPU
		{4A662629-0A08-43D8-9DE2-86A64F17DBDC}.Debug|Any CPU.Deploy.0 = Debug|Any CPU
		{4A662629-0A08-43D8-9DE2-86A64F17DBDC}.Release|Any CPU.ActiveCfg = Release|Any CPU
		{4A662629-0A08-43D8-9DE2-86A64F17DBDC}.Release|Any CPU.Build.0 = Release|Any CPU
		{4A662629-0A08-43D8-9DE2-86A64F17DBDC}.Release|Any CPU.Deploy.0 = Release|Any CPU
	EndGlobalSection
	GlobalSection(SolutionProperties) = preSolution
		HideSolutionNode = FALSE
	EndGlobalSection
	GlobalSection(ExtensibilityGlobals) = postSolution
		SolutionGuid = {6A19253C-7BA3-4F84-9AD3-DBCACC51C7A4}
	EndGlobalSection
EndGlobal
